
Microsoft Visual Studio Solution File, Format Version 12.00
# Visual Studio Version 17
VisualStudioVersion = 17.4.33110.190
MinimumVisualStudioVersion = 10.0.40219.1
Project("{FAE04EC0-301F-11D3-BF4B-00C04F79EFBC}") = "WindowsFormsApp3", "WindowsFormsApp3\WindowsFormsApp3.csproj", "{05AFC3AF-C91B-48DF-9B2E-27A98814CBBE}"
EndProject
Global
	GlobalSection(SolutionConfigurationPlatforms) = preSolution
		Debug|Any CPU = Debug|Any CPU
		Release|Any CPU = Release|Any CPU
	EndGlobalSection
	GlobalSection(ProjectConfigurationPlatforms) = postSolution
		{05AFC3AF-C91B-48DF-9B2E-27A98814CBBE}.Debug|Any CPU.ActiveCfg = Debug|Any CPU
		{05AFC3AF-C91B-48DF-9B2E-27A98814CBBE}.Debug|Any CPU.Build.0 = Debug|Any CPU
		{05AFC3AF-C91B-48DF-9B2E-27A98814CBBE}.Release|Any CPU.ActiveCfg = Release|Any CPU
		{05AFC3AF-C91B-48DF-9B2E-27A98814CBBE}.Release|Any CPU.Build.0 = Release|Any CPU
	EndGlobalSection
	GlobalSection(SolutionProperties) = preSolution
		HideSolutionNode = FALSE
	EndGlobalSection
	GlobalSection(ExtensibilityGlobals) = postSolution
		SolutionGuid = {58CB27C0-07D5-4C88-9632-14C88446BECE}
	EndGlobalSection
EndGlobal
